
Microsoft Visual Studio Solution File, Format Version 12.00
Project("{FAE04EC0-301F-11D3-BF4B-00C04F79EFBC}") = "Api", "src\Api\Api.csproj", "{12882271-0BCB-4B9B-BD60-59DF269D9DED}"
EndProject
Project("{2150E333-8FDC-42A3-9474-1A3956D46DE8}") = "External", "External", "{FC30B6EB-4034-48D9-959C-396ABA49F90D}"
EndProject
Project("{2150E333-8FDC-42A3-9474-1A3956D46DE8}") = "IdentityServer4", "IdentityServer4", "{82330143-1892-4AC8-85EC-C70B2C40266D}"
EndProject
Project("{FAE04EC0-301F-11D3-BF4B-00C04F79EFBC}") = "IdentityServer4", "..\identity-server-4\src\IdentityServer4\src\IdentityServer4.csproj", "{23D72FEB-C677-4E60-A9E6-3D23E65AF08A}"
EndProject
Project("{FAE04EC0-301F-11D3-BF4B-00C04F79EFBC}") = "IdentityServer.UnitTests", "..\identity-server-4\src\IdentityServer4\test\IdentityServer.UnitTests\IdentityServer.UnitTests.csproj", "{D12AD44B-B711-411C-A43A-B8E063554964}"
EndProject
Project("{FAE04EC0-301F-11D3-BF4B-00C04F79EFBC}") = "IdentityServer.IntegrationTests", "..\identity-server-4\src\IdentityServer4\test\IdentityServer.IntegrationTests\IdentityServer.IntegrationTests.csproj", "{3C183429-1A75-46D5-887B-A5A18AF2CF32}"
EndProject
Global
	GlobalSection(SolutionConfigurationPlatforms) = preSolution
		Debug|Any CPU = Debug|Any CPU
		Release|Any CPU = Release|Any CPU
	EndGlobalSection
	GlobalSection(ProjectConfigurationPlatforms) = postSolution
		{12882271-0BCB-4B9B-BD60-59DF269D9DED}.Debug|Any CPU.ActiveCfg = Debug|Any CPU
		{12882271-0BCB-4B9B-BD60-59DF269D9DED}.Debug|Any CPU.Build.0 = Debug|Any CPU
		{12882271-0BCB-4B9B-BD60-59DF269D9DED}.Release|Any CPU.ActiveCfg = Release|Any CPU
		{12882271-0BCB-4B9B-BD60-59DF269D9DED}.Release|Any CPU.Build.0 = Release|Any CPU
		{23D72FEB-C677-4E60-A9E6-3D23E65AF08A}.Debug|Any CPU.ActiveCfg = Debug|Any CPU
		{23D72FEB-C677-4E60-A9E6-3D23E65AF08A}.Debug|Any CPU.Build.0 = Debug|Any CPU
		{23D72FEB-C677-4E60-A9E6-3D23E65AF08A}.Release|Any CPU.ActiveCfg = Release|Any CPU
		{23D72FEB-C677-4E60-A9E6-3D23E65AF08A}.Release|Any CPU.Build.0 = Release|Any CPU
		{D12AD44B-B711-411C-A43A-B8E063554964}.Debug|Any CPU.ActiveCfg = Debug|Any CPU
		{D12AD44B-B711-411C-A43A-B8E063554964}.Debug|Any CPU.Build.0 = Debug|Any CPU
		{D12AD44B-B711-411C-A43A-B8E063554964}.Release|Any CPU.ActiveCfg = Release|Any CPU
		{D12AD44B-B711-411C-A43A-B8E063554964}.Release|Any CPU.Build.0 = Release|Any CPU
		{3C183429-1A75-46D5-887B-A5A18AF2CF32}.Debug|Any CPU.ActiveCfg = Debug|Any CPU
		{3C183429-1A75-46D5-887B-A5A18AF2CF32}.Debug|Any CPU.Build.0 = Debug|Any CPU
		{3C183429-1A75-46D5-887B-A5A18AF2CF32}.Release|Any CPU.ActiveCfg = Release|Any CPU
		{3C183429-1A75-46D5-887B-A5A18AF2CF32}.Release|Any CPU.Build.0 = Release|Any CPU
	EndGlobalSection
	GlobalSection(NestedProjects) = preSolution
		{82330143-1892-4AC8-85EC-C70B2C40266D} = {FC30B6EB-4034-48D9-959C-396ABA49F90D}
		{23D72FEB-C677-4E60-A9E6-3D23E65AF08A} = {82330143-1892-4AC8-85EC-C70B2C40266D}
		{D12AD44B-B711-411C-A43A-B8E063554964} = {82330143-1892-4AC8-85EC-C70B2C40266D}
		{3C183429-1A75-46D5-887B-A5A18AF2CF32} = {82330143-1892-4AC8-85EC-C70B2C40266D}
	EndGlobalSection
EndGlobal
